
Microsoft Visual Studio Solution File, Format Version 12.00
# Visual Studio Version 16
VisualStudioVersion = 16.0.31321.278
MinimumVisualStudioVersion = 10.0.40219.1
Project("{8BC9CEB8-8B4A-11D0-8D11-00A0C91BC942}") = "SeqList", "SeqList\SeqList.vcxproj", "{D462ADCD-9A90-42F4-9903-B455E79955F0}"
EndProject
Global
	GlobalSection(SolutionConfigurationPlatforms) = preSolution
		Debug|x64 = Debug|x64
		Debug|x86 = Debug|x86
		Release|x64 = Release|x64
		Release|x86 = Release|x86
	EndGlobalSection
	GlobalSection(ProjectConfigurationPlatforms) = postSolution
		{D462ADCD-9A90-42F4-9903-B455E79955F0}.Debug|x64.ActiveCfg = Debug|x64
		{D462ADCD-9A90-42F4-9903-B455E79955F0}.Debug|x64.Build.0 = Debug|x64
		{D462ADCD-9A90-42F4-9903-B455E79955F0}.Debug|x86.ActiveCfg = Debug|Win32
		{D462ADCD-9A90-42F4-9903-B455E79955F0}.Debug|x86.Build.0 = Debug|Win32
		{D462ADCD-9A90-42F4-9903-B455E79955F0}.Release|x64.ActiveCfg = Release|x64
		{D462ADCD-9A90-42F4-9903-B455E79955F0}.Release|x64.Build.0 = Release|x64
		{D462ADCD-9A90-42F4-9903-B455E79955F0}.Release|x86.ActiveCfg = Release|Win32
		{D462ADCD-9A90-42F4-9903-B455E79955F0}.Release|x86.Build.0 = Release|Win32
	EndGlobalSection
	GlobalSection(SolutionProperties) = preSolution
		HideSolutionNode = FALSE
	EndGlobalSection
	GlobalSection(ExtensibilityGlobals) = postSolution
		SolutionGuid = {C9EA5351-0B37-4F1A-9835-F6DEE870FC1E}
	EndGlobalSection
EndGlobal
